
Microsoft Visual Studio Solution File, Format Version 12.00
# Visual Studio Version 16
VisualStudioVersion = 16.0.31729.503
MinimumVisualStudioVersion = 10.0.40219.1
Project("{FAE04EC0-301F-11D3-BF4B-00C04F79EFBC}") = "Console", "Console\Console.csproj", "{241FE63B-F06F-4213-A6F6-65BA587FD3AD}"
EndProject
Global
	GlobalSection(SolutionConfigurationPlatforms) = preSolution
		Debug|Any CPU = Debug|Any CPU
		Release|Any CPU = Release|Any CPU
	EndGlobalSection
	GlobalSection(ProjectConfigurationPlatforms) = postSolution
		{241FE63B-F06F-4213-A6F6-65BA587FD3AD}.Debug|Any CPU.ActiveCfg = Debug|Any CPU
		{241FE63B-F06F-4213-A6F6-65BA587FD3AD}.Debug|Any CPU.Build.0 = Debug|Any CPU
		{241FE63B-F06F-4213-A6F6-65BA587FD3AD}.Release|Any CPU.ActiveCfg = Release|Any CPU
		{241FE63B-F06F-4213-A6F6-65BA587FD3AD}.Release|Any CPU.Build.0 = Release|Any CPU
	EndGlobalSection
	GlobalSection(SolutionProperties) = preSolution
		HideSolutionNode = FALSE
	EndGlobalSection
	GlobalSection(ExtensibilityGlobals) = postSolution
		SolutionGuid = {BEC668B4-0120-4D23-83C8-BD69E61E52D7}
	EndGlobalSection
EndGlobal
