{
  "version": 4,
  "terraform_version": "1.2.5",
  "serial": 51,
  "lineage": "c159abe2-9bf6-a479-cc43-84b84c595e07",
  "outputs": {
    "frontend_vms": {
      "value": [
        "3tierdevfrontend0",
        "3tierdevfrontend1"
      ],
      "type": [
        "tuple",
        [
          "string",
          "string"
        ]
      ]
    },
    "resource_group_id": {
      "value": "/subscriptions/ad5f73f0-fbb9-40b5-87e1-a8ec718276f5/resourceGroups/3tier_dev",
      "type": "string"
    },
    "subnet_ids": {
      "value": {
        "bastion": "/subscriptions/ad5f73f0-fbb9-40b5-87e1-a8ec718276f5/resourceGroups/3tier_dev/providers/Microsoft.Network/virtualNetworks/3tier_dev/subnets/AzureBastionSubnet",
        "database": "/subscriptions/ad5f73f0-fbb9-40b5-87e1-a8ec718276f5/resourceGroups/3tier_dev/providers/Microsoft.Network/virtualNetworks/3tier_dev/subnets/database",
        "frontend": "/subscriptions/ad5f73f0-fbb9-40b5-87e1-a8ec718276f5/resourceGroups/3tier_dev/providers/Microsoft.Network/virtualNetworks/3tier_dev/subnets/frontend",
        "gateway": "/subscriptions/ad5f73f0-fbb9-40b5-87e1-a8ec718276f5/resourceGroups/3tier_dev/providers/Microsoft.Network/virtualNetworks/3tier_dev/subnets/GatewaySubnet",
        "restapi": "/subscriptions/ad5f73f0-fbb9-40b5-87e1-a8ec718276f5/resourceGroups/3tier_dev/providers/Microsoft.Network/virtualNetworks/3tier_dev/subnets/restapi"
      },
      "type": [
        "object",
        {
          "bastion": "string",
          "database": "string",
          "frontend": "string",
          "gateway": "string",
          "restapi": "string"
        }
      ]
    }
  },
  "resources": [
    {
      "module": "module.infrabuilder.module.frontend",
      "mode": "managed",
      "type": "azurerm_availability_set",
      "name": "frontend_as",
      "provider": "provider[\"registry.terraform.io/hashicorp/azurerm\"]",
      "instances": [
        {
          "schema_version": 0,
          "attributes": {
            "id": "/subscriptions/ad5f73f0-fbb9-40b5-87e1-a8ec718276f5/resourceGroups/3tier_dev/providers/Microsoft.Compute/availabilitySets/3tier_dev_frontend",
            "location": "eastus",
            "managed": true,
            "name": "3tier_dev_frontend",
            "platform_fault_domain_count": 3,
            "platform_update_domain_count": 5,
            "proximity_placement_group_id": null,
            "resource_group_name": "3tier_dev",
            "tags": {},
            "timeouts": null
          },
          "sensitive_attributes": [],
          "private": "eyJlMmJmYjczMC1lY2FhLTExZTYtOGY4OC0zNDM2M2JjN2M0YzAiOnsiY3JlYXRlIjoxODAwMDAwMDAwMDAwLCJkZWxldGUiOjE4MDAwMDAwMDAwMDAsInJlYWQiOjMwMDAwMDAwMDAwMCwidXBkYXRlIjoxODAwMDAwMDAwMDAwfX0=",
          "dependencies": [
            "module.infrabuilder.module.resourcegroup.azurerm_resource_group.rg"
          ]
        }
      ]
    },
    {
      "module": "module.infrabuilder.module.frontend",
      "mode": "managed",
      "type": "azurerm_network_interface",
      "name": "fontend_nics",
      "provider": "provider[\"registry.terraform.io/hashicorp/azurerm\"]",
      "instances": [
        {
          "index_key": 0,
          "schema_version": 0,
          "attributes": {
            "applied_dns_servers": [],
            "dns_servers": [],
            "edge_zone": "",
            "enable_accelerated_networking": false,
            "enable_ip_forwarding": false,
            "id": "/subscriptions/ad5f73f0-fbb9-40b5-87e1-a8ec718276f5/resourceGroups/3tier_dev/providers/Microsoft.Network/networkInterfaces/3tier_dev_frontend_0",
            "internal_dns_name_label": "",
            "internal_domain_name_suffix": "5qkcrcubbrguto3g2lhoj1fmic.bx.internal.cloudapp.net",
            "ip_configuration": [
              {
                "gateway_load_balancer_frontend_ip_configuration_id": "",
                "name": "frontend_0",
                "primary": true,
                "private_ip_address": "10.101.2.4",
                "private_ip_address_allocation": "Dynamic",
                "private_ip_address_version": "IPv4",
                "public_ip_address_id": "",
                "subnet_id": "/subscriptions/ad5f73f0-fbb9-40b5-87e1-a8ec718276f5/resourceGroups/3tier_dev/providers/Microsoft.Network/virtualNetworks/3tier_dev/subnets/frontend"
              }
            ],
            "location": "eastus",
            "mac_address": "",
            "name": "3tier_dev_frontend_0",
            "private_ip_address": "10.101.2.4",
            "private_ip_addresses": [
              "10.101.2.4"
            ],
            "resource_group_name": "3tier_dev",
            "tags": {},
            "timeouts": null,
            "virtual_machine_id": ""
          },
          "sensitive_attributes": [],
          "private": "eyJlMmJmYjczMC1lY2FhLTExZTYtOGY4OC0zNDM2M2JjN2M0YzAiOnsiY3JlYXRlIjoxODAwMDAwMDAwMDAwLCJkZWxldGUiOjE4MDAwMDAwMDAwMDAsInJlYWQiOjMwMDAwMDAwMDAwMCwidXBkYXRlIjoxODAwMDAwMDAwMDAwfX0=",
          "dependencies": [
            "module.infrabuilder.module.networking.azurerm_subnet.subnets",
            "module.infrabuilder.module.networking.azurerm_virtual_network.vnet",
            "module.infrabuilder.module.resourcegroup.azurerm_resource_group.rg"
          ]
        },
        {
          "index_key": 1,
          "schema_version": 0,
          "attributes": {
            "applied_dns_servers": [],
            "dns_servers": [],
            "edge_zone": "",
            "enable_accelerated_networking": false,
            "enable_ip_forwarding": false,
            "id": "/subscriptions/ad5f73f0-fbb9-40b5-87e1-a8ec718276f5/resourceGroups/3tier_dev/providers/Microsoft.Network/networkInterfaces/3tier_dev_frontend_1",
            "internal_dns_name_label": "",
            "internal_domain_name_suffix": "5qkcrcubbrguto3g2lhoj1fmic.bx.internal.cloudapp.net",
            "ip_configuration": [
              {
                "gateway_load_balancer_frontend_ip_configuration_id": "",
                "name": "frontend_1",
                "primary": true,
                "private_ip_address": "10.101.2.5",
                "private_ip_address_allocation": "Dynamic",
                "private_ip_address_version": "IPv4",
                "public_ip_address_id": "",
                "subnet_id": "/subscriptions/ad5f73f0-fbb9-40b5-87e1-a8ec718276f5/resourceGroups/3tier_dev/providers/Microsoft.Network/virtualNetworks/3tier_dev/subnets/frontend"
              }
            ],
            "location": "eastus",
            "mac_address": "",
            "name": "3tier_dev_frontend_1",
            "private_ip_address": "10.101.2.5",
            "private_ip_addresses": [
              "10.101.2.5"
            ],
            "resource_group_name": "3tier_dev",
            "tags": {},
            "timeouts": null,
            "virtual_machine_id": ""
          },
          "sensitive_attributes": [],
          "private": "eyJlMmJmYjczMC1lY2FhLTExZTYtOGY4OC0zNDM2M2JjN2M0YzAiOnsiY3JlYXRlIjoxODAwMDAwMDAwMDAwLCJkZWxldGUiOjE4MDAwMDAwMDAwMDAsInJlYWQiOjMwMDAwMDAwMDAwMCwidXBkYXRlIjoxODAwMDAwMDAwMDAwfX0=",
          "dependencies": [
            "module.infrabuilder.module.networking.azurerm_subnet.subnets",
            "module.infrabuilder.module.networking.azurerm_virtual_network.vnet",
            "module.infrabuilder.module.resourcegroup.azurerm_resource_group.rg"
          ]
        }
      ]
    },
    {
      "module": "module.infrabuilder.module.networking",
      "mode": "managed",
      "type": "azurerm_subnet",
      "name": "subnets",
      "provider": "provider[\"registry.terraform.io/hashicorp/azurerm\"]",
      "instances": [
        {
          "index_key": "bastion",
          "schema_version": 0,
          "attributes": {
            "address_prefixes": [
              "10.101.250.0/24"
            ],
            "delegation": [],
            "enforce_private_link_endpoint_network_policies": false,
            "enforce_private_link_service_network_policies": false,
            "id": "/subscriptions/ad5f73f0-fbb9-40b5-87e1-a8ec718276f5/resourceGroups/3tier_dev/providers/Microsoft.Network/virtualNetworks/3tier_dev/subnets/AzureBastionSubnet",
            "name": "AzureBastionSubnet",
            "resource_group_name": "3tier_dev",
            "service_endpoint_policy_ids": [],
            "service_endpoints": [],
            "timeouts": null,
            "virtual_network_name": "3tier_dev"
          },
          "sensitive_attributes": [],
          "private": "eyJlMmJmYjczMC1lY2FhLTExZTYtOGY4OC0zNDM2M2JjN2M0YzAiOnsiY3JlYXRlIjoxODAwMDAwMDAwMDAwLCJkZWxldGUiOjE4MDAwMDAwMDAwMDAsInJlYWQiOjMwMDAwMDAwMDAwMCwidXBkYXRlIjoxODAwMDAwMDAwMDAwfX0=",
          "dependencies": [
            "module.infrabuilder.module.networking.azurerm_virtual_network.vnet",
            "module.infrabuilder.module.resourcegroup.azurerm_resource_group.rg"
          ]
        },
        {
          "index_key": "database",
          "schema_version": 0,
          "attributes": {
            "address_prefixes": [
              "10.101.4.0/24"
            ],
            "delegation": [],
            "enforce_private_link_endpoint_network_policies": false,
            "enforce_private_link_service_network_policies": false,
            "id": "/subscriptions/ad5f73f0-fbb9-40b5-87e1-a8ec718276f5/resourceGroups/3tier_dev/providers/Microsoft.Network/virtualNetworks/3tier_dev/subnets/database",
            "name": "database",
            "resource_group_name": "3tier_dev",
            "service_endpoint_policy_ids": [],
            "service_endpoints": [],
            "timeouts": null,
            "virtual_network_name": "3tier_dev"
          },
          "sensitive_attributes": [],
          "private": "eyJlMmJmYjczMC1lY2FhLTExZTYtOGY4OC0zNDM2M2JjN2M0YzAiOnsiY3JlYXRlIjoxODAwMDAwMDAwMDAwLCJkZWxldGUiOjE4MDAwMDAwMDAwMDAsInJlYWQiOjMwMDAwMDAwMDAwMCwidXBkYXRlIjoxODAwMDAwMDAwMDAwfX0=",
          "dependencies": [
            "module.infrabuilder.module.networking.azurerm_virtual_network.vnet",
            "module.infrabuilder.module.resourcegroup.azurerm_resource_group.rg"
          ]
        },
        {
          "index_key": "frontend",
          "schema_version": 0,
          "attributes": {
            "address_prefixes": [
              "10.101.2.0/24"
            ],
            "delegation": [],
            "enforce_private_link_endpoint_network_policies": false,
            "enforce_private_link_service_network_policies": false,
            "id": "/subscriptions/ad5f73f0-fbb9-40b5-87e1-a8ec718276f5/resourceGroups/3tier_dev/providers/Microsoft.Network/virtualNetworks/3tier_dev/subnets/frontend",
            "name": "frontend",
            "resource_group_name": "3tier_dev",
            "service_endpoint_policy_ids": [],
            "service_endpoints": [],
            "timeouts": null,
            "virtual_network_name": "3tier_dev"
          },
          "sensitive_attributes": [],
          "private": "eyJlMmJmYjczMC1lY2FhLTExZTYtOGY4OC0zNDM2M2JjN2M0YzAiOnsiY3JlYXRlIjoxODAwMDAwMDAwMDAwLCJkZWxldGUiOjE4MDAwMDAwMDAwMDAsInJlYWQiOjMwMDAwMDAwMDAwMCwidXBkYXRlIjoxODAwMDAwMDAwMDAwfX0=",
          "dependencies": [
            "module.infrabuilder.module.networking.azurerm_virtual_network.vnet",
            "module.infrabuilder.module.resourcegroup.azurerm_resource_group.rg"
          ]
        },
        {
          "index_key": "gateway",
          "schema_version": 0,
          "attributes": {
            "address_prefixes": [
              "10.101.0.0/24"
            ],
            "delegation": [],
            "enforce_private_link_endpoint_network_policies": false,
            "enforce_private_link_service_network_policies": false,
            "id": "/subscriptions/ad5f73f0-fbb9-40b5-87e1-a8ec718276f5/resourceGroups/3tier_dev/providers/Microsoft.Network/virtualNetworks/3tier_dev/subnets/GatewaySubnet",
            "name": "GatewaySubnet",
            "resource_group_name": "3tier_dev",
            "service_endpoint_policy_ids": [],
            "service_endpoints": [],
            "timeouts": null,
            "virtual_network_name": "3tier_dev"
          },
          "sensitive_attributes": [],
          "private": "eyJlMmJmYjczMC1lY2FhLTExZTYtOGY4OC0zNDM2M2JjN2M0YzAiOnsiY3JlYXRlIjoxODAwMDAwMDAwMDAwLCJkZWxldGUiOjE4MDAwMDAwMDAwMDAsInJlYWQiOjMwMDAwMDAwMDAwMCwidXBkYXRlIjoxODAwMDAwMDAwMDAwfX0=",
          "dependencies": [
            "module.infrabuilder.module.networking.azurerm_virtual_network.vnet",
            "module.infrabuilder.module.resourcegroup.azurerm_resource_group.rg"
          ]
        },
        {
          "index_key": "restapi",
          "schema_version": 0,
          "attributes": {
            "address_prefixes": [
              "10.101.3.0/24"
            ],
            "delegation": [],
            "enforce_private_link_endpoint_network_policies": false,
            "enforce_private_link_service_network_policies": false,
            "id": "/subscriptions/ad5f73f0-fbb9-40b5-87e1-a8ec718276f5/resourceGroups/3tier_dev/providers/Microsoft.Network/virtualNetworks/3tier_dev/subnets/restapi",
            "name": "restapi",
            "resource_group_name": "3tier_dev",
            "service_endpoint_policy_ids": [],
            "service_endpoints": [],
            "timeouts": null,
            "virtual_network_name": "3tier_dev"
          },
          "sensitive_attributes": [],
          "private": "eyJlMmJmYjczMC1lY2FhLTExZTYtOGY4OC0zNDM2M2JjN2M0YzAiOnsiY3JlYXRlIjoxODAwMDAwMDAwMDAwLCJkZWxldGUiOjE4MDAwMDAwMDAwMDAsInJlYWQiOjMwMDAwMDAwMDAwMCwidXBkYXRlIjoxODAwMDAwMDAwMDAwfX0=",
          "dependencies": [
            "module.infrabuilder.module.networking.azurerm_virtual_network.vnet",
            "module.infrabuilder.module.resourcegroup.azurerm_resource_group.rg"
          ]
        }
      ]
    },
    {
      "module": "module.infrabuilder.module.networking",
      "mode": "managed",
      "type": "azurerm_virtual_network",
      "name": "vnet",
      "provider": "provider[\"registry.terraform.io/hashicorp/azurerm\"]",
      "instances": [
        {
          "schema_version": 0,
          "attributes": {
            "address_space": [
              "10.101.0.0/16"
            ],
            "bgp_community": "",
            "ddos_protection_plan": [],
            "dns_servers": [],
            "edge_zone": "",
            "flow_timeout_in_minutes": 0,
            "guid": "8a2814fc-0c81-494d-bba6-e2cee4ecac42",
            "id": "/subscriptions/ad5f73f0-fbb9-40b5-87e1-a8ec718276f5/resourceGroups/3tier_dev/providers/Microsoft.Network/virtualNetworks/3tier_dev",
            "location": "eastus",
            "name": "3tier_dev",
            "resource_group_name": "3tier_dev",
            "subnet": [
              {
                "address_prefix": "10.101.0.0/24",
                "id": "/subscriptions/ad5f73f0-fbb9-40b5-87e1-a8ec718276f5/resourceGroups/3tier_dev/providers/Microsoft.Network/virtualNetworks/3tier_dev/subnets/GatewaySubnet",
                "name": "GatewaySubnet",
                "security_group": ""
              },
              {
                "address_prefix": "10.101.2.0/24",
                "id": "/subscriptions/ad5f73f0-fbb9-40b5-87e1-a8ec718276f5/resourceGroups/3tier_dev/providers/Microsoft.Network/virtualNetworks/3tier_dev/subnets/frontend",
                "name": "frontend",
                "security_group": ""
              },
              {
                "address_prefix": "10.101.250.0/24",
                "id": "/subscriptions/ad5f73f0-fbb9-40b5-87e1-a8ec718276f5/resourceGroups/3tier_dev/providers/Microsoft.Network/virtualNetworks/3tier_dev/subnets/AzureBastionSubnet",
                "name": "AzureBastionSubnet",
                "security_group": ""
              },
              {
                "address_prefix": "10.101.3.0/24",
                "id": "/subscriptions/ad5f73f0-fbb9-40b5-87e1-a8ec718276f5/resourceGroups/3tier_dev/providers/Microsoft.Network/virtualNetworks/3tier_dev/subnets/restapi",
                "name": "restapi",
                "security_group": ""
              },
              {
                "address_prefix": "10.101.4.0/24",
                "id": "/subscriptions/ad5f73f0-fbb9-40b5-87e1-a8ec718276f5/resourceGroups/3tier_dev/providers/Microsoft.Network/virtualNetworks/3tier_dev/subnets/database",
                "name": "database",
                "security_group": ""
              }
            ],
            "tags": {
              "application_name": "3tier",
              "environment": "dev",
              "location": "eastus"
            },
            "timeouts": null
          },
          "sensitive_attributes": [],
          "private": "eyJlMmJmYjczMC1lY2FhLTExZTYtOGY4OC0zNDM2M2JjN2M0YzAiOnsiY3JlYXRlIjoxODAwMDAwMDAwMDAwLCJkZWxldGUiOjE4MDAwMDAwMDAwMDAsInJlYWQiOjMwMDAwMDAwMDAwMCwidXBkYXRlIjoxODAwMDAwMDAwMDAwfX0=",
          "dependencies": [
            "module.infrabuilder.module.resourcegroup.azurerm_resource_group.rg"
          ]
        }
      ]
    },
    {
      "module": "module.infrabuilder.module.resourcegroup",
      "mode": "managed",
      "type": "azurerm_resource_group",
      "name": "rg",
      "provider": "provider[\"registry.terraform.io/hashicorp/azurerm\"]",
      "instances": [
        {
          "schema_version": 0,
          "attributes": {
            "id": "/subscriptions/ad5f73f0-fbb9-40b5-87e1-a8ec718276f5/resourceGroups/3tier_dev",
            "location": "eastus",
            "name": "3tier_dev",
            "tags": {
              "application_name": "3tier",
              "environment": "dev",
              "location": "eastus"
            },
            "timeouts": null
          },
          "sensitive_attributes": [],
          "private": "eyJlMmJmYjczMC1lY2FhLTExZTYtOGY4OC0zNDM2M2JjN2M0YzAiOnsiY3JlYXRlIjo1NDAwMDAwMDAwMDAwLCJkZWxldGUiOjU0MDAwMDAwMDAwMDAsInJlYWQiOjMwMDAwMDAwMDAwMCwidXBkYXRlIjo1NDAwMDAwMDAwMDAwfX0="
        }
      ]
    }
  ]
}
