{
  "version": 4,
  "terraform_version": "1.2.5",
  "serial": 61,
  "lineage": "c159abe2-9bf6-a479-cc43-84b84c595e07",
  "outputs": {},
  "resources": [
    {
      "module": "module.infrabuilder.module.frontend",
      "mode": "managed",
      "type": "azurerm_availability_set",
      "name": "frontend_as",
      "provider": "provider[\"registry.terraform.io/hashicorp/azurerm\"]",
      "instances": [
        {
          "schema_version": 0,
          "attributes": {
            "id": "/subscriptions/ad5f73f0-fbb9-40b5-87e1-a8ec718276f5/resourceGroups/3tier_dev/providers/Microsoft.Compute/availabilitySets/3tier_dev_frontend",
            "location": "eastus",
            "managed": true,
            "name": "3tier_dev_frontend",
            "platform_fault_domain_count": 3,
            "platform_update_domain_count": 5,
            "proximity_placement_group_id": null,
            "resource_group_name": "3tier_dev",
            "tags": {},
            "timeouts": null
          },
          "sensitive_attributes": [],
          "private": "eyJlMmJmYjczMC1lY2FhLTExZTYtOGY4OC0zNDM2M2JjN2M0YzAiOnsiY3JlYXRlIjoxODAwMDAwMDAwMDAwLCJkZWxldGUiOjE4MDAwMDAwMDAwMDAsInJlYWQiOjMwMDAwMDAwMDAwMCwidXBkYXRlIjoxODAwMDAwMDAwMDAwfX0=",
          "dependencies": [
            "module.infrabuilder.module.resourcegroup.azurerm_resource_group.rg"
          ]
        }
      ]
    },
    {
      "module": "module.infrabuilder.module.resourcegroup",
      "mode": "managed",
      "type": "azurerm_resource_group",
      "name": "rg",
      "provider": "provider[\"registry.terraform.io/hashicorp/azurerm\"]",
      "instances": [
        {
          "schema_version": 0,
          "attributes": {
            "id": "/subscriptions/ad5f73f0-fbb9-40b5-87e1-a8ec718276f5/resourceGroups/3tier_dev",
            "location": "eastus",
            "name": "3tier_dev",
            "tags": {
              "application_name": "3tier",
              "environment": "dev",
              "location": "eastus"
            },
            "timeouts": null
          },
          "sensitive_attributes": [],
          "private": "eyJlMmJmYjczMC1lY2FhLTExZTYtOGY4OC0zNDM2M2JjN2M0YzAiOnsiY3JlYXRlIjo1NDAwMDAwMDAwMDAwLCJkZWxldGUiOjU0MDAwMDAwMDAwMDAsInJlYWQiOjMwMDAwMDAwMDAwMCwidXBkYXRlIjo1NDAwMDAwMDAwMDAwfX0="
        }
      ]
    }
  ]
}
